
Microsoft Visual Studio Solution File, Format Version 12.00
# Visual Studio Version 16
VisualStudioVersion = 16.0.30128.74
MinimumVisualStudioVersion = 10.0.40219.1
Project("{FAE04EC0-301F-11D3-BF4B-00C04F79EFBC}") = "ZlvKS_Labs", "ZlvKS_Labs\ZlvKS_Labs.csproj", "{B634DC93-C810-4CD0-A9E4-70A2B47639AB}"
EndProject
Global
	GlobalSection(SolutionConfigurationPlatforms) = preSolution
		Debug|Any CPU = Debug|Any CPU
		Release|Any CPU = Release|Any CPU
	EndGlobalSection
	GlobalSection(ProjectConfigurationPlatforms) = postSolution
		{B634DC93-C810-4CD0-A9E4-70A2B47639AB}.Debug|Any CPU.ActiveCfg = Debug|Any CPU
		{B634DC93-C810-4CD0-A9E4-70A2B47639AB}.Debug|Any CPU.Build.0 = Debug|Any CPU
		{B634DC93-C810-4CD0-A9E4-70A2B47639AB}.Release|Any CPU.ActiveCfg = Release|Any CPU
		{B634DC93-C810-4CD0-A9E4-70A2B47639AB}.Release|Any CPU.Build.0 = Release|Any CPU
	EndGlobalSection
	GlobalSection(SolutionProperties) = preSolution
		HideSolutionNode = FALSE
	EndGlobalSection
	GlobalSection(ExtensibilityGlobals) = postSolution
		SolutionGuid = {69E4C64B-81C2-4B02-9BC1-300DE3FECA27}
	EndGlobalSection
EndGlobal
